{
  "version": "5",
  "specifiers": {
    "jsr:@standard-schema/spec@^1.1.0": "1.1.0",
    "jsr:@standard-schema/utils@0.3": "0.3.0",
    "jsr:@std/assert@^1.0.19": "1.0.19",
    "jsr:@std/internal@^1.0.12": "1.0.12",
    "jsr:@valibot/valibot@^1.2.0": "1.2.0",
    "jsr:@zod/zod@^4.3.6": "4.3.6",
    "npm:@jsr/standard-schema__spec@1.0.0-beta.4": "1.0.0-beta.4"
  },
  "jsr": {
    "@standard-schema/spec@1.1.0": {
      "integrity": "2ccd54513cd9c960bd155ab569b1a901bc99c6f9ad29559d3f38a28c91c1822d"
    },
    "@standard-schema/utils@0.3.0": {
      "integrity": "f62e134baac4f1d074059c78a5d68974ed19d1ce42cbcb96edb4c11c39ccd1cf",
      "dependencies": [
        "npm:@jsr/standard-schema__spec"
      ]
    },
    "@std/assert@1.0.19": {
      "integrity": "eaada96ee120cb980bc47e040f82814d786fe8162ecc53c91d8df60b8755991e",
      "dependencies": [
        "jsr:@std/internal"
      ]
    },
    "@std/internal@1.0.12": {
      "integrity": "972a634fd5bc34b242024402972cd5143eac68d8dffaca5eaa4dba30ce17b027"
    },
    "@valibot/valibot@1.2.0": {
      "integrity": "61c118a4d027ed55912caf381c78f0a178f335f46ad0c4bcb136498dc1ef2285"
    },
    "@zod/zod@4.3.6": {
      "integrity": "7144e5e11f8ffc3cf6e2fca624f6597a8762898aac9868cc8938e9398b96ffe4"
    }
  },
  "npm": {
    "@jsr/standard-schema__spec@1.0.0-beta.4": {
      "integrity": "sha512-AsZnKHK8JC2KvCx2wfzY9upnxmH2mL2Yg8y4rex50HqC6gBmZqdVI/hJ23A6MgbIOZz+DQhqMxPDBppfgszHtg==",
      "tarball": "https://npm.jsr.io/~/11/@jsr/standard-schema__spec/1.0.0-beta.4.tgz"
    }
  },
  "workspace": {
    "dependencies": [
      "jsr:@standard-schema/spec@^1.1.0",
      "jsr:@standard-schema/utils@0.3",
      "jsr:@std/assert@^1.0.19",
      "jsr:@valibot/valibot@^1.2.0",
      "jsr:@zod/zod@^4.3.6"
    ]
  }
}
